
Microsoft Visual Studio Solution File, Format Version 12.00
# Visual Studio Version 16
VisualStudioVersion = 16.0.28729.10
MinimumVisualStudioVersion = 10.0.40219.1
Project("{FAE04EC0-301F-11D3-BF4B-00C04F79EFBC}") = "EmotionDetector.Android", "EmotionDetector\EmotionDetector.Android\EmotionDetector.Android.csproj", "{CB12A88C-2048-4CDD-9A22-A08C4959FFD7}"
EndProject
Project("{FAE04EC0-301F-11D3-BF4B-00C04F79EFBC}") = "EmotionDetector", "EmotionDetector\EmotionDetector\EmotionDetector.csproj", "{A2D60932-9DC7-404E-B8D1-66551BE0BF48}"
EndProject
Global
	GlobalSection(SolutionConfigurationPlatforms) = preSolution
		Debug|Any CPU = Debug|Any CPU
		Release|Any CPU = Release|Any CPU
	EndGlobalSection
	GlobalSection(ProjectConfigurationPlatforms) = postSolution
		{CB12A88C-2048-4CDD-9A22-A08C4959FFD7}.Debug|Any CPU.ActiveCfg = Debug|Any CPU
		{CB12A88C-2048-4CDD-9A22-A08C4959FFD7}.Debug|Any CPU.Build.0 = Debug|Any CPU
		{CB12A88C-2048-4CDD-9A22-A08C4959FFD7}.Debug|Any CPU.Deploy.0 = Debug|Any CPU
		{CB12A88C-2048-4CDD-9A22-A08C4959FFD7}.Release|Any CPU.ActiveCfg = Release|Any CPU
		{CB12A88C-2048-4CDD-9A22-A08C4959FFD7}.Release|Any CPU.Build.0 = Release|Any CPU
		{CB12A88C-2048-4CDD-9A22-A08C4959FFD7}.Release|Any CPU.Deploy.0 = Release|Any CPU
		{A2D60932-9DC7-404E-B8D1-66551BE0BF48}.Debug|Any CPU.ActiveCfg = Debug|Any CPU
		{A2D60932-9DC7-404E-B8D1-66551BE0BF48}.Debug|Any CPU.Build.0 = Debug|Any CPU
		{A2D60932-9DC7-404E-B8D1-66551BE0BF48}.Debug|Any CPU.Deploy.0 = Debug|Any CPU
		{A2D60932-9DC7-404E-B8D1-66551BE0BF48}.Release|Any CPU.ActiveCfg = Release|Any CPU
		{A2D60932-9DC7-404E-B8D1-66551BE0BF48}.Release|Any CPU.Build.0 = Release|Any CPU
		{A2D60932-9DC7-404E-B8D1-66551BE0BF48}.Release|Any CPU.Deploy.0 = Release|Any CPU
	EndGlobalSection
	GlobalSection(SolutionProperties) = preSolution
		HideSolutionNode = FALSE
	EndGlobalSection
	GlobalSection(ExtensibilityGlobals) = postSolution
		SolutionGuid = {51301AF6-3425-461B-BCAC-6C6F48DC47AE}
	EndGlobalSection
EndGlobal
