
Microsoft Visual Studio Solution File, Format Version 12.00
# Visual Studio Version 16
VisualStudioVersion = 16.0.28407.52
MinimumVisualStudioVersion = 10.0.40219.1
Project("{9A19103F-16F7-4668-BE54-9A1E7A4F7556}") = "PhotoStorage.WindowsService", "PhotoStorage.WindowsService\PhotoStorage.WindowsService.csproj", "{526A0F4C-4D9E-4E89-A5CD-8FFE630E81D8}"
EndProject
Project("{9A19103F-16F7-4668-BE54-9A1E7A4F7556}") = "PhotoStorage.UnitTests", "PhotoStorage.UnitTests\PhotoStorage.UnitTests.csproj", "{77E81201-49B0-4067-B7C5-34555401BD29}"
EndProject
Global
	GlobalSection(SolutionConfigurationPlatforms) = preSolution
		Debug|Any CPU = Debug|Any CPU
		Release|Any CPU = Release|Any CPU
	EndGlobalSection
	GlobalSection(ProjectConfigurationPlatforms) = postSolution
		{526A0F4C-4D9E-4E89-A5CD-8FFE630E81D8}.Debug|Any CPU.ActiveCfg = Debug|Any CPU
		{526A0F4C-4D9E-4E89-A5CD-8FFE630E81D8}.Debug|Any CPU.Build.0 = Debug|Any CPU
		{526A0F4C-4D9E-4E89-A5CD-8FFE630E81D8}.Release|Any CPU.ActiveCfg = Release|Any CPU
		{526A0F4C-4D9E-4E89-A5CD-8FFE630E81D8}.Release|Any CPU.Build.0 = Release|Any CPU
		{77E81201-49B0-4067-B7C5-34555401BD29}.Debug|Any CPU.ActiveCfg = Debug|Any CPU
		{77E81201-49B0-4067-B7C5-34555401BD29}.Debug|Any CPU.Build.0 = Debug|Any CPU
		{77E81201-49B0-4067-B7C5-34555401BD29}.Release|Any CPU.ActiveCfg = Release|Any CPU
		{77E81201-49B0-4067-B7C5-34555401BD29}.Release|Any CPU.Build.0 = Release|Any CPU
	EndGlobalSection
	GlobalSection(SolutionProperties) = preSolution
		HideSolutionNode = FALSE
	EndGlobalSection
	GlobalSection(ExtensibilityGlobals) = postSolution
		SolutionGuid = {811567F7-57CE-461E-AC29-D041AAA6DA93}
	EndGlobalSection
EndGlobal
