
Microsoft Visual Studio Solution File, Format Version 12.00
# Visual Studio Version 16
VisualStudioVersion = 16.0.29123.89
MinimumVisualStudioVersion = 10.0.40219.1
Project("{9A19103F-16F7-4668-BE54-9A1E7A4F7556}") = "eBookManager", "eBookManager\eBookManager.csproj", "{36FEDD28-2B83-453B-A6CB-98CD533BC630}"
EndProject
Project("{9A19103F-16F7-4668-BE54-9A1E7A4F7556}") = "eBookManager.Engine", "eBookManager.Engine\eBookManager.Engine.csproj", "{155B2087-3C52-4398-AE80-72CC6041D547}"
EndProject
Project("{9A19103F-16F7-4668-BE54-9A1E7A4F7556}") = "eBookManager.Helper", "eBookManager.Helper\eBookManager.Helper.csproj", "{F0B5225A-8B8B-446E-AC56-3D9F65398DAE}"
EndProject
Project("{2150E333-8FDC-42A3-9474-1A3956D46DE8}") = "Solution Items", "Solution Items", "{0AC42B8B-CC29-4E31-8BC2-630E53FE3705}"
	ProjectSection(SolutionItems) = preProject
		about.txt = about.txt
	EndProjectSection
EndProject
Global
	GlobalSection(SolutionConfigurationPlatforms) = preSolution
		Debug|Any CPU = Debug|Any CPU
		Debug|ARM = Debug|ARM
		Debug|x64 = Debug|x64
		Debug|x86 = Debug|x86
		Release|Any CPU = Release|Any CPU
		Release|ARM = Release|ARM
		Release|x64 = Release|x64
		Release|x86 = Release|x86
	EndGlobalSection
	GlobalSection(ProjectConfigurationPlatforms) = postSolution
		{36FEDD28-2B83-453B-A6CB-98CD533BC630}.Debug|Any CPU.ActiveCfg = Debug|Any CPU
		{36FEDD28-2B83-453B-A6CB-98CD533BC630}.Debug|Any CPU.Build.0 = Debug|Any CPU
		{36FEDD28-2B83-453B-A6CB-98CD533BC630}.Debug|ARM.ActiveCfg = Debug|Any CPU
		{36FEDD28-2B83-453B-A6CB-98CD533BC630}.Debug|ARM.Build.0 = Debug|Any CPU
		{36FEDD28-2B83-453B-A6CB-98CD533BC630}.Debug|x64.ActiveCfg = Debug|Any CPU
		{36FEDD28-2B83-453B-A6CB-98CD533BC630}.Debug|x64.Build.0 = Debug|Any CPU
		{36FEDD28-2B83-453B-A6CB-98CD533BC630}.Debug|x86.ActiveCfg = Debug|Any CPU
		{36FEDD28-2B83-453B-A6CB-98CD533BC630}.Debug|x86.Build.0 = Debug|Any CPU
		{36FEDD28-2B83-453B-A6CB-98CD533BC630}.Release|Any CPU.ActiveCfg = Release|Any CPU
		{36FEDD28-2B83-453B-A6CB-98CD533BC630}.Release|Any CPU.Build.0 = Release|Any CPU
		{36FEDD28-2B83-453B-A6CB-98CD533BC630}.Release|ARM.ActiveCfg = Release|Any CPU
		{36FEDD28-2B83-453B-A6CB-98CD533BC630}.Release|ARM.Build.0 = Release|Any CPU
		{36FEDD28-2B83-453B-A6CB-98CD533BC630}.Release|x64.ActiveCfg = Release|Any CPU
		{36FEDD28-2B83-453B-A6CB-98CD533BC630}.Release|x64.Build.0 = Release|Any CPU
		{36FEDD28-2B83-453B-A6CB-98CD533BC630}.Release|x86.ActiveCfg = Release|Any CPU
		{36FEDD28-2B83-453B-A6CB-98CD533BC630}.Release|x86.Build.0 = Release|Any CPU
		{155B2087-3C52-4398-AE80-72CC6041D547}.Debug|Any CPU.ActiveCfg = Debug|Any CPU
		{155B2087-3C52-4398-AE80-72CC6041D547}.Debug|Any CPU.Build.0 = Debug|Any CPU
		{155B2087-3C52-4398-AE80-72CC6041D547}.Debug|ARM.ActiveCfg = Debug|Any CPU
		{155B2087-3C52-4398-AE80-72CC6041D547}.Debug|ARM.Build.0 = Debug|Any CPU
		{155B2087-3C52-4398-AE80-72CC6041D547}.Debug|x64.ActiveCfg = Debug|Any CPU
		{155B2087-3C52-4398-AE80-72CC6041D547}.Debug|x64.Build.0 = Debug|Any CPU
		{155B2087-3C52-4398-AE80-72CC6041D547}.Debug|x86.ActiveCfg = Debug|Any CPU
		{155B2087-3C52-4398-AE80-72CC6041D547}.Debug|x86.Build.0 = Debug|Any CPU
		{155B2087-3C52-4398-AE80-72CC6041D547}.Release|Any CPU.ActiveCfg = Release|Any CPU
		{155B2087-3C52-4398-AE80-72CC6041D547}.Release|Any CPU.Build.0 = Release|Any CPU
		{155B2087-3C52-4398-AE80-72CC6041D547}.Release|ARM.ActiveCfg = Release|Any CPU
		{155B2087-3C52-4398-AE80-72CC6041D547}.Release|ARM.Build.0 = Release|Any CPU
		{155B2087-3C52-4398-AE80-72CC6041D547}.Release|x64.ActiveCfg = Release|Any CPU
		{155B2087-3C52-4398-AE80-72CC6041D547}.Release|x64.Build.0 = Release|Any CPU
		{155B2087-3C52-4398-AE80-72CC6041D547}.Release|x86.ActiveCfg = Release|Any CPU
		{155B2087-3C52-4398-AE80-72CC6041D547}.Release|x86.Build.0 = Release|Any CPU
		{F0B5225A-8B8B-446E-AC56-3D9F65398DAE}.Debug|Any CPU.ActiveCfg = Debug|Any CPU
		{F0B5225A-8B8B-446E-AC56-3D9F65398DAE}.Debug|Any CPU.Build.0 = Debug|Any CPU
		{F0B5225A-8B8B-446E-AC56-3D9F65398DAE}.Debug|ARM.ActiveCfg = Debug|Any CPU
		{F0B5225A-8B8B-446E-AC56-3D9F65398DAE}.Debug|ARM.Build.0 = Debug|Any CPU
		{F0B5225A-8B8B-446E-AC56-3D9F65398DAE}.Debug|x64.ActiveCfg = Debug|Any CPU
		{F0B5225A-8B8B-446E-AC56-3D9F65398DAE}.Debug|x64.Build.0 = Debug|Any CPU
		{F0B5225A-8B8B-446E-AC56-3D9F65398DAE}.Debug|x86.ActiveCfg = Debug|Any CPU
		{F0B5225A-8B8B-446E-AC56-3D9F65398DAE}.Debug|x86.Build.0 = Debug|Any CPU
		{F0B5225A-8B8B-446E-AC56-3D9F65398DAE}.Release|Any CPU.ActiveCfg = Release|Any CPU
		{F0B5225A-8B8B-446E-AC56-3D9F65398DAE}.Release|Any CPU.Build.0 = Release|Any CPU
		{F0B5225A-8B8B-446E-AC56-3D9F65398DAE}.Release|ARM.ActiveCfg = Release|Any CPU
		{F0B5225A-8B8B-446E-AC56-3D9F65398DAE}.Release|ARM.Build.0 = Release|Any CPU
		{F0B5225A-8B8B-446E-AC56-3D9F65398DAE}.Release|x64.ActiveCfg = Release|Any CPU
		{F0B5225A-8B8B-446E-AC56-3D9F65398DAE}.Release|x64.Build.0 = Release|Any CPU
		{F0B5225A-8B8B-446E-AC56-3D9F65398DAE}.Release|x86.ActiveCfg = Release|Any CPU
		{F0B5225A-8B8B-446E-AC56-3D9F65398DAE}.Release|x86.Build.0 = Release|Any CPU
	EndGlobalSection
	GlobalSection(SolutionProperties) = preSolution
		HideSolutionNode = FALSE
	EndGlobalSection
	GlobalSection(ExtensibilityGlobals) = postSolution
		SolutionGuid = {B15634F8-8E64-413C-9E07-860E7BF428C9}
	EndGlobalSection
EndGlobal
