
Microsoft Visual Studio Solution File, Format Version 12.00
# Visual Studio Version 16
VisualStudioVersion = 16.0.28407.52
MinimumVisualStudioVersion = 10.0.40219.1
Project("{FAE04EC0-301F-11D3-BF4B-00C04F79EFBC}") = "PhotoStorage.WindowsService", "PhotoStorage.WindowsService\PhotoStorage.WindowsService.csproj", "{526A0F4C-4D9E-4E89-A5CD-8FFE630E81D8}"
EndProject
Project("{FAE04EC0-301F-11D3-BF4B-00C04F79EFBC}") = "PhotoStorage.TestRunnerApp", "PhotoStorage.TestRunnerApp\PhotoStorage.TestRunnerApp.csproj", "{103AAA31-7DFE-485F-BE20-C21BB84D1736}"
EndProject
Global
	GlobalSection(SolutionConfigurationPlatforms) = preSolution
		Debug|Any CPU = Debug|Any CPU
		Release|Any CPU = Release|Any CPU
	EndGlobalSection
	GlobalSection(ProjectConfigurationPlatforms) = postSolution
		{526A0F4C-4D9E-4E89-A5CD-8FFE630E81D8}.Debug|Any CPU.ActiveCfg = Debug|Any CPU
		{526A0F4C-4D9E-4E89-A5CD-8FFE630E81D8}.Debug|Any CPU.Build.0 = Debug|Any CPU
		{526A0F4C-4D9E-4E89-A5CD-8FFE630E81D8}.Release|Any CPU.ActiveCfg = Release|Any CPU
		{526A0F4C-4D9E-4E89-A5CD-8FFE630E81D8}.Release|Any CPU.Build.0 = Release|Any CPU
		{103AAA31-7DFE-485F-BE20-C21BB84D1736}.Debug|Any CPU.ActiveCfg = Debug|Any CPU
		{103AAA31-7DFE-485F-BE20-C21BB84D1736}.Debug|Any CPU.Build.0 = Debug|Any CPU
		{103AAA31-7DFE-485F-BE20-C21BB84D1736}.Release|Any CPU.ActiveCfg = Release|Any CPU
		{103AAA31-7DFE-485F-BE20-C21BB84D1736}.Release|Any CPU.Build.0 = Release|Any CPU
	EndGlobalSection
	GlobalSection(SolutionProperties) = preSolution
		HideSolutionNode = FALSE
	EndGlobalSection
	GlobalSection(ExtensibilityGlobals) = postSolution
		SolutionGuid = {811567F7-57CE-461E-AC29-D041AAA6DA93}
	EndGlobalSection
EndGlobal
